// !$*UTF8*$!
{
	archiveVersion = 1;
	classes = {
	};
	objectVersion = 46;
	objects = {

/* Begin PBXBuildFile section */
		28C90CF81F16E4F4001378A1 /* AppDelegate.swift in Sources */ = {isa = PBXBuildFile; fileRef = 28C90CF71F16E4F4001378A1 /* AppDelegate.swift */; };
		28C90CFA1F16E4F4001378A1 /* ViewController.swift in Sources */ = {isa = PBXBuildFile; fileRef = 28C90CF91F16E4F4001378A1 /* ViewController.swift */; };
		28C90CFD1F16E4F4001378A1 /* Main.storyboard in Resources */ = {isa = PBXBuildFile; fileRef = 28C90CFB1F16E4F4001378A1 /* Main.storyboard */; };
		28C90CFF1F16E4F4001378A1 /* Assets.xcassets in Resources */ = {isa = PBXBuildFile; fileRef = 28C90CFE1F16E4F4001378A1 /* Assets.xcassets */; };
		28C90D021F16E4F4001378A1 /* LaunchScreen.storyboard in Resources */ = {isa = PBXBuildFile; fileRef = 28C90D001F16E4F4001378A1 /* LaunchScreen.storyboard */; };
		28C90D0D1F16E4F5001378A1 /* LineChartExampleTests.swift in Sources */ = {isa = PBXBuildFile; fileRef = 28C90D0C1F16E4F5001378A1 /* LineChartExampleTests.swift */; };
		28C90D181F16E4F5001378A1 /* LineChartExampleUITests.swift in Sources */ = {isa = PBXBuildFile; fileRef = 28C90D171F16E4F5001378A1 /* LineChartExampleUITests.swift */; };
		B2F414CC23F165BC3D4F43B5 /* Pods_LineChartExample.framework in Frameworks */ = {isa = PBXBuildFile; fileRef = 35135DFE9CC775C3C5A85459 /* Pods_LineChartExample.framework */; };
		C5284A092F79B51A0BEA2FB0 /* Pods_LineChartExampleTests.framework in Frameworks */ = {isa = PBXBuildFile; fileRef = 7C58E7D55BE42B55D850DF94 /* Pods_LineChartExampleTests.framework */; };
		CEDFEECE9FCA67B18793E67E /* Pods_LineChartExampleUITests.framework in Frameworks */ = {isa = PBXBuildFile; fileRef = D038048B34BE49BB7DB05931 /* Pods_LineChartExampleUITests.framework */; };
/* End PBXBuildFile section */

/* Begin PBXContainerItemProxy section */
		28C90D091F16E4F5001378A1 /* PBXContainerItemProxy */ = {
			isa = PBXContainerItemProxy;
			containerPortal = 28C90CEC1F16E4F4001378A1 /* Project object */;
			proxyType = 1;
			remoteGlobalIDString = 28C90CF31F16E4F4001378A1;
			remoteInfo = LineChartExample;
		};
		28C90D141F16E4F5001378A1 /* PBXContainerItemProxy */ = {
			isa = PBXContainerItemProxy;
			containerPortal = 28C90CEC1F16E4F4001378A1 /* Project object */;
			proxyType = 1;
			remoteGlobalIDString = 28C90CF31F16E4F4001378A1;
			remoteInfo = LineChartExample;
		};
/* End PBXContainerItemProxy section */

/* Begin PBXFileReference section */
		28C90CF41F16E4F4001378A1 /* LineChartExample.app */ = {isa = PBXFileReference; explicitFileType = wrapper.application; includeInIndex = 0; path = LineChartExample.app; sourceTree = BUILT_PRODUCTS_DIR; };
		28C90CF71F16E4F4001378A1 /* AppDelegate.swift */ = {isa = PBXFileReference; lastKnownFileType = sourcecode.swift; path = AppDelegate.swift; sourceTree = "<group>"; };
		28C90CF91F16E4F4001378A1 /* ViewController.swift */ = {isa = PBXFileReference; lastKnownFileType = sourcecode.swift; path = ViewController.swift; sourceTree = "<group>"; };
		28C90CFC1F16E4F4001378A1 /* Base */ = {isa = PBXFileReference; lastKnownFileType = file.storyboard; name = Base; path = Base.lproj/Main.storyboard; sourceTree = "<group>"; };
		28C90CFE1F16E4F4001378A1 /* Assets.xcassets */ = {isa = PBXFileReference; lastKnownFileType = folder.assetcatalog; path = Assets.xcassets; sourceTree = "<group>"; };
		28C90D011F16E4F4001378A1 /* Base */ = {isa = PBXFileReference; lastKnownFileType = file.storyboard; name = Base; path = Base.lproj/LaunchScreen.storyboard; sourceTree = "<group>"; };
		28C90D031F16E4F4001378A1 /* Info.plist */ = {isa = PBXFileReference; lastKnownFileType = text.plist.xml; path = Info.plist; sourceTree = "<group>"; };
		28C90D081F16E4F5001378A1 /* LineChartExampleTests.xctest */ = {isa = PBXFileReference; explicitFileType = wrapper.cfbundle; includeInIndex = 0; path = LineChartExampleTests.xctest; sourceTree = BUILT_PRODUCTS_DIR; };
		28C90D0C1F16E4F5001378A1 /* LineChartExampleTests.swift */ = {isa = PBXFileReference; lastKnownFileType = sourcecode.swift; path = LineChartExampleTests.swift; sourceTree = "<group>"; };
		28C90D0E1F16E4F5001378A1 /* Info.plist */ = {isa = PBXFileReference; lastKnownFileType = text.plist.xml; path = Info.plist; sourceTree = "<group>"; };
		28C90D131F16E4F5001378A1 /* LineChartExampleUITests.xctest */ = {isa = PBXFileReference; explicitFileType = wrapper.cfbundle; includeInIndex = 0; path = LineChartExampleUITests.xctest; sourceTree = BUILT_PRODUCTS_DIR; };
		28C90D171F16E4F5001378A1 /* LineChartExampleUITests.swift */ = {isa = PBXFileReference; lastKnownFileType = sourcecode.swift; path = LineChartExampleUITests.swift; sourceTree = "<group>"; };
		28C90D191F16E4F5001378A1 /* Info.plist */ = {isa = PBXFileReference; lastKnownFileType = text.plist.xml; path = Info.plist; sourceTree = "<group>"; };
		35135DFE9CC775C3C5A85459 /* Pods_LineChartExample.framework */ = {isa = PBXFileReference; explicitFileType = wrapper.framework; includeInIndex = 0; path = Pods_LineChartExample.framework; sourceTree = BUILT_PRODUCTS_DIR; };
		40D111AFD32AB2CB4D9A8923 /* Pods-LineChartExampleUITests.release.xcconfig */ = {isa = PBXFileReference; includeInIndex = 1; lastKnownFileType = text.xcconfig; name = "Pods-LineChartExampleUITests.release.xcconfig"; path = "Pods/Target Support Files/Pods-LineChartExampleUITests/Pods-LineChartExampleUITests.release.xcconfig"; sourceTree = "<group>"; };
		5F94CCB711A41CDC3811593C /* Pods-LineChartExampleTests.debug.xcconfig */ = {isa = PBXFileReference; includeInIndex = 1; lastKnownFileType = text.xcconfig; name = "Pods-LineChartExampleTests.debug.xcconfig"; path = "Pods/Target Support Files/Pods-LineChartExampleTests/Pods-LineChartExampleTests.debug.xcconfig"; sourceTree = "<group>"; };
		64FDFEA35C60F4E94ED35135 /* Pods-LineChartExample.release.xcconfig */ = {isa = PBXFileReference; includeInIndex = 1; lastKnownFileType = text.xcconfig; name = "Pods-LineChartExample.release.xcconfig"; path = "Pods/Target Support Files/Pods-LineChartExample/Pods-LineChartExample.release.xcconfig"; sourceTree = "<group>"; };
		65B98BE61D4C9A883504CA4E /* Pods-LineChartExampleUITests.debug.xcconfig */ = {isa = PBXFileReference; includeInIndex = 1; lastKnownFileType = text.xcconfig; name = "Pods-LineChartExampleUITests.debug.xcconfig"; path = "Pods/Target Support Files/Pods-LineChartExampleUITests/Pods-LineChartExampleUITests.debug.xcconfig"; sourceTree = "<group>"; };
		6BF6E3D21C5BA73C4F932CEC /* Pods-LineChartExample.debug.xcconfig */ = {isa = PBXFileReference; includeInIndex = 1; lastKnownFileType = text.xcconfig; name = "Pods-LineChartExample.debug.xcconfig"; path = "Pods/Target Support Files/Pods-LineChartExample/Pods-LineChartExample.debug.xcconfig"; sourceTree = "<group>"; };
		7C43DA477C67DFF870849412 /* Pods-LineChartExampleTests.release.xcconfig */ = {isa = PBXFileReference; includeInIndex = 1; lastKnownFileType = text.xcconfig; name = "Pods-LineChartExampleTests.release.xcconfig"; path = "Pods/Target Support Files/Pods-LineChartExampleTests/Pods-LineChartExampleTests.release.xcconfig"; sourceTree = "<group>"; };
		7C58E7D55BE42B55D850DF94 /* Pods_LineChartExampleTests.framework */ = {isa = PBXFileReference; explicitFileType = wrapper.framework; includeInIndex = 0; path = Pods_LineChartExampleTests.framework; sourceTree = BUILT_PRODUCTS_DIR; };
		D038048B34BE49BB7DB05931 /* Pods_LineChartExampleUITests.framework */ = {isa = PBXFileReference; explicitFileType = wrapper.framework; includeInIndex = 0; path = Pods_LineChartExampleUITests.framework; sourceTree = BUILT_PRODUCTS_DIR; };
/* End PBXFileReference section */

/* Begin PBXFrameworksBuildPhase section */
		28C90CF11F16E4F4001378A1 /* Frameworks */ = {
			isa = PBXFrameworksBuildPhase;
			buildActionMask = 2147483647;
			files = (
				B2F414CC23F165BC3D4F43B5 /* Pods_LineChartExample.framework in Frameworks */,
			);
			runOnlyForDeploymentPostprocessing = 0;
		};
		28C90D051F16E4F5001378A1 /* Frameworks */ = {
			isa = PBXFrameworksBuildPhase;
			buildActionMask = 2147483647;
			files = (
				C5284A092F79B51A0BEA2FB0 /* Pods_LineChartExampleTests.framework in Frameworks */,
			);
			runOnlyForDeploymentPostprocessing = 0;
		};
		28C90D101F16E4F5001378A1 /* Frameworks */ = {
			isa = PBXFrameworksBuildPhase;
			buildActionMask = 2147483647;
			files = (
				CEDFEECE9FCA67B18793E67E /* Pods_LineChartExampleUITests.framework in Frameworks */,
			);
			runOnlyForDeploymentPostprocessing = 0;
		};
/* End PBXFrameworksBuildPhase section */

/* Begin PBXGroup section */
		11CA447383492FAA11EA48DB /* Pods */ = {
			isa = PBXGroup;
			children = (
				6BF6E3D21C5BA73C4F932CEC /* Pods-LineChartExample.debug.xcconfig */,
				64FDFEA35C60F4E94ED35135 /* Pods-LineChartExample.release.xcconfig */,
				5F94CCB711A41CDC3811593C /* Pods-LineChartExampleTests.debug.xcconfig */,
				7C43DA477C67DFF870849412 /* Pods-LineChartExampleTests.release.xcconfig */,
				65B98BE61D4C9A883504CA4E /* Pods-LineChartExampleUITests.debug.xcconfig */,
				40D111AFD32AB2CB4D9A8923 /* Pods-LineChartExampleUITests.release.xcconfig */,
			);
			name = Pods;
			sourceTree = "<group>";
		};
		28C90CEB1F16E4F4001378A1 = {
			isa = PBXGroup;
			children = (
				28C90CF61F16E4F4001378A1 /* LineChartExample */,
				28C90D0B1F16E4F5001378A1 /* LineChartExampleTests */,
				28C90D161F16E4F5001378A1 /* LineChartExampleUITests */,
				28C90CF51F16E4F4001378A1 /* Products */,
				11CA447383492FAA11EA48DB /* Pods */,
				8D786B206A0592347CD030E8 /* Frameworks */,
			);
			sourceTree = "<group>";
		};
		28C90CF51F16E4F4001378A1 /* Products */ = {
			isa = PBXGroup;
			children = (
				28C90CF41F16E4F4001378A1 /* LineChartExample.app */,
				28C90D081F16E4F5001378A1 /* LineChartExampleTests.xctest */,
				28C90D131F16E4F5001378A1 /* LineChartExampleUITests.xctest */,
			);
			name = Products;
			sourceTree = "<group>";
		};
		28C90CF61F16E4F4001378A1 /* LineChartExample */ = {
			isa = PBXGroup;
			children = (
				28C90CF71F16E4F4001378A1 /* AppDelegate.swift */,
				28C90CF91F16E4F4001378A1 /* ViewController.swift */,
				28C90CFB1F16E4F4001378A1 /* Main.storyboard */,
				28C90CFE1F16E4F4001378A1 /* Assets.xcassets */,
				28C90D001F16E4F4001378A1 /* LaunchScreen.storyboard */,
				28C90D031F16E4F4001378A1 /* Info.plist */,
			);
			path = LineChartExample;
			sourceTree = "<group>";
		};
		28C90D0B1F16E4F5001378A1 /* LineChartExampleTests */ = {
			isa = PBXGroup;
			children = (
				28C90D0C1F16E4F5001378A1 /* LineChartExampleTests.swift */,
				28C90D0E1F16E4F5001378A1 /* Info.plist */,
			);
			path = LineChartExampleTests;
			sourceTree = "<group>";
		};
		28C90D161F16E4F5001378A1 /* LineChartExampleUITests */ = {
			isa = PBXGroup;
			children = (
				28C90D171F16E4F5001378A1 /* LineChartExampleUITests.swift */,
				28C90D191F16E4F5001378A1 /* Info.plist */,
			);
			path = LineChartExampleUITests;
			sourceTree = "<group>";
		};
		8D786B206A0592347CD030E8 /* Frameworks */ = {
			isa = PBXGroup;
			children = (
				35135DFE9CC775C3C5A85459 /* Pods_LineChartExample.framework */,
				7C58E7D55BE42B55D850DF94 /* Pods_LineChartExampleTests.framework */,
				D038048B34BE49BB7DB05931 /* Pods_LineChartExampleUITests.framework */,
			);
			name = Frameworks;
			sourceTree = "<group>";
		};
/* End PBXGroup section */

/* Begin PBXNativeTarget section */
		28C90CF31F16E4F4001378A1 /* LineChartExample */ = {
			isa = PBXNativeTarget;
			buildConfigurationList = 28C90D1C1F16E4F5001378A1 /* Build configuration list for PBXNativeTarget "LineChartExample" */;
			buildPhases = (
				9A73F929BB43D300C5FC5574 /* [CP] Check Pods Manifest.lock */,
				28C90CF01F16E4F4001378A1 /* Sources */,
				28C90CF11F16E4F4001378A1 /* Frameworks */,
				28C90CF21F16E4F4001378A1 /* Resources */,
				8341A8E2DD505B465DC28AF8 /* [CP] Embed Pods Frameworks */,
				AD375F76DD2D3AEF0BFC9634 /* [CP] Copy Pods Resources */,
			);
			buildRules = (
			);
			dependencies = (
			);
			name = LineChartExample;
			productName = LineChartExample;
			productReference = 28C90CF41F16E4F4001378A1 /* LineChartExample.app */;
			productType = "com.apple.product-type.application";
		};
		28C90D071F16E4F5001378A1 /* LineChartExampleTests */ = {
			isa = PBXNativeTarget;
			buildConfigurationList = 28C90D1F1F16E4F5001378A1 /* Build configuration list for PBXNativeTarget "LineChartExampleTests" */;
			buildPhases = (
				395DC3E9DBE4130EBCA1EAFD /* [CP] Check Pods Manifest.lock */,
				28C90D041F16E4F5001378A1 /* Sources */,
				28C90D051F16E4F5001378A1 /* Frameworks */,
				28C90D061F16E4F5001378A1 /* Resources */,
				C841BFD3088557168BF58A37 /* [CP] Embed Pods Frameworks */,
				001A2C7E661911FB0F85F972 /* [CP] Copy Pods Resources */,
			);
			buildRules = (
			);
			dependencies = (
				28C90D0A1F16E4F5001378A1 /* PBXTargetDependency */,
			);
			name = LineChartExampleTests;
			productName = LineChartExampleTests;
			productReference = 28C90D081F16E4F5001378A1 /* LineChartExampleTests.xctest */;
			productType = "com.apple.product-type.bundle.unit-test";
		};
		28C90D121F16E4F5001378A1 /* LineChartExampleUITests */ = {
			isa = PBXNativeTarget;
			buildConfigurationList = 28C90D221F16E4F5001378A1 /* Build configuration list for PBXNativeTarget "LineChartExampleUITests" */;
			buildPhases = (
				D712C2A50529C5A5C418D892 /* [CP] Check Pods Manifest.lock */,
				28C90D0F1F16E4F5001378A1 /* Sources */,
				28C90D101F16E4F5001378A1 /* Frameworks */,
				28C90D111F16E4F5001378A1 /* Resources */,
				BE4486BD7EC8D786D7F3DF4D /* [CP] Embed Pods Frameworks */,
				25FE0A840D4852BCD0009C9A /* [CP] Copy Pods Resources */,
			);
			buildRules = (
			);
			dependencies = (
				28C90D151F16E4F5001378A1 /* PBXTargetDependency */,
			);
			name = LineChartExampleUITests;
			productName = LineChartExampleUITests;
			productReference = 28C90D131F16E4F5001378A1 /* LineChartExampleUITests.xctest */;
			productType = "com.apple.product-type.bundle.ui-testing";
		};
/* End PBXNativeTarget section */

/* Begin PBXProject section */
		28C90CEC1F16E4F4001378A1 /* Project object */ = {
			isa = PBXProject;
			attributes = {
				LastSwiftUpdateCheck = 0830;
				LastUpgradeCheck = 0900;
				ORGANIZATIONNAME = Osian;
				TargetAttributes = {
					28C90CF31F16E4F4001378A1 = {
						CreatedOnToolsVersion = 8.3.3;
						LastSwiftMigration = 0900;
						ProvisioningStyle = Automatic;
					};
					28C90D071F16E4F5001378A1 = {
						CreatedOnToolsVersion = 8.3.3;
						LastSwiftMigration = 0900;
						ProvisioningStyle = Automatic;
						TestTargetID = 28C90CF31F16E4F4001378A1;
					};
					28C90D121F16E4F5001378A1 = {
						CreatedOnToolsVersion = 8.3.3;
						LastSwiftMigration = 0900;
						ProvisioningStyle = Automatic;
						TestTargetID = 28C90CF31F16E4F4001378A1;
					};
				};
			};
			buildConfigurationList = 28C90CEF1F16E4F4001378A1 /* Build configuration list for PBXProject "LineChartExample" */;
			compatibilityVersion = "Xcode 3.2";
			developmentRegion = English;
			hasScannedForEncodings = 0;
			knownRegions = (
				en,
				Base,
			);
			mainGroup = 28C90CEB1F16E4F4001378A1;
			productRefGroup = 28C90CF51F16E4F4001378A1 /* Products */;
			projectDirPath = "";
			projectRoot = "";
			targets = (
				28C90CF31F16E4F4001378A1 /* LineChartExample */,
				28C90D071F16E4F5001378A1 /* LineChartExampleTests */,
				28C90D121F16E4F5001378A1 /* LineChartExampleUITests */,
			);
		};
/* End PBXProject section */

/* Begin PBXResourcesBuildPhase section */
		28C90CF21F16E4F4001378A1 /* Resources */ = {
			isa = PBXResourcesBuildPhase;
			buildActionMask = 2147483647;
			files = (
				28C90D021F16E4F4001378A1 /* LaunchScreen.storyboard in Resources */,
				28C90CFF1F16E4F4001378A1 /* Assets.xcassets in Resources */,
				28C90CFD1F16E4F4001378A1 /* Main.storyboard in Resources */,
			);
			runOnlyForDeploymentPostprocessing = 0;
		};
		28C90D061F16E4F5001378A1 /* Resources */ = {
			isa = PBXResourcesBuildPhase;
			buildActionMask = 2147483647;
			files = (
			);
			runOnlyForDeploymentPostprocessing = 0;
		};
		28C90D111F16E4F5001378A1 /* Resources */ = {
			isa = PBXResourcesBuildPhase;
			buildActionMask = 2147483647;
			files = (
			);
			runOnlyForDeploymentPostprocessing = 0;
		};
/* End PBXResourcesBuildPhase section */

/* Begin PBXShellScriptBuildPhase section */
		001A2C7E661911FB0F85F972 /* [CP] Copy Pods Resources */ = {
			isa = PBXShellScriptBuildPhase;
			buildActionMask = 2147483647;
			files = (
			);
			inputPaths = (
			);
			name = "[CP] Copy Pods Resources";
			outputPaths = (
			);
			runOnlyForDeploymentPostprocessing = 0;
			shellPath = /bin/sh;
			shellScript = "\"${SRCROOT}/Pods/Target Support Files/Pods-LineChartExampleTests/Pods-LineChartExampleTests-resources.sh\"\n";
			showEnvVarsInLog = 0;
		};
		25FE0A840D4852BCD0009C9A /* [CP] Copy Pods Resources */ = {
			isa = PBXShellScriptBuildPhase;
			buildActionMask = 2147483647;
			files = (
			);
			inputPaths = (
			);
			name = "[CP] Copy Pods Resources";
			outputPaths = (
			);
			runOnlyForDeploymentPostprocessing = 0;
			shellPath = /bin/sh;
			shellScript = "\"${SRCROOT}/Pods/Target Support Files/Pods-LineChartExampleUITests/Pods-LineChartExampleUITests-resources.sh\"\n";
			showEnvVarsInLog = 0;
		};
		395DC3E9DBE4130EBCA1EAFD /* [CP] Check Pods Manifest.lock */ = {
			isa = PBXShellScriptBuildPhase;
			buildActionMask = 2147483647;
			files = (
			);
			inputPaths = (
				"${PODS_PODFILE_DIR_PATH}/Podfile.lock",
				"${PODS_ROOT}/Manifest.lock",
			);
			name = "[CP] Check Pods Manifest.lock";
			outputPaths = (
				"$(DERIVED_FILE_DIR)/Pods-LineChartExampleTests-checkManifestLockResult.txt",
			);
			runOnlyForDeploymentPostprocessing = 0;
			shellPath = /bin/sh;
			shellScript = "diff \"${PODS_PODFILE_DIR_PATH}/Podfile.lock\" \"${PODS_ROOT}/Manifest.lock\" > /dev/null\nif [ $? != 0 ] ; then\n    # print error to STDERR\n    echo \"error: The sandbox is not in sync with the Podfile.lock. Run 'pod install' or update your CocoaPods installation.\" >&2\n    exit 1\nfi\n# This output is used by Xcode 'outputs' to avoid re-running this script phase.\necho \"SUCCESS\" > \"${SCRIPT_OUTPUT_FILE_0}\"\n";
			showEnvVarsInLog = 0;
		};
		8341A8E2DD505B465DC28AF8 /* [CP] Embed Pods Frameworks */ = {
			isa = PBXShellScriptBuildPhase;
			buildActionMask = 2147483647;
			files = (
			);
			inputPaths = (
				"${SRCROOT}/Pods/Target Support Files/Pods-LineChartExample/Pods-LineChartExample-frameworks.sh",
				"${BUILT_PRODUCTS_DIR}/Charts/Charts.framework",
			);
			name = "[CP] Embed Pods Frameworks";
			outputPaths = (
				"${TARGET_BUILD_DIR}/${FRAMEWORKS_FOLDER_PATH}/Charts.framework",
			);
			runOnlyForDeploymentPostprocessing = 0;
			shellPath = /bin/sh;
			shellScript = "\"${SRCROOT}/Pods/Target Support Files/Pods-LineChartExample/Pods-LineChartExample-frameworks.sh\"\n";
			showEnvVarsInLog = 0;
		};
		9A73F929BB43D300C5FC5574 /* [CP] Check Pods Manifest.lock */ = {
			isa = PBXShellScriptBuildPhase;
			buildActionMask = 2147483647;
			files = (
			);
			inputPaths = (
				"${PODS_PODFILE_DIR_PATH}/Podfile.lock",
				"${PODS_ROOT}/Manifest.lock",
			);
			name = "[CP] Check Pods Manifest.lock";
			outputPaths = (
				"$(DERIVED_FILE_DIR)/Pods-LineChartExample-checkManifestLockResult.txt",
			);
			runOnlyForDeploymentPostprocessing = 0;
			shellPath = /bin/sh;
			shellScript = "diff \"${PODS_PODFILE_DIR_PATH}/Podfile.lock\" \"${PODS_ROOT}/Manifest.lock\" > /dev/null\nif [ $? != 0 ] ; then\n    # print error to STDERR\n    echo \"error: The sandbox is not in sync with the Podfile.lock. Run 'pod install' or update your CocoaPods installation.\" >&2\n    exit 1\nfi\n# This output is used by Xcode 'outputs' to avoid re-running this script phase.\necho \"SUCCESS\" > \"${SCRIPT_OUTPUT_FILE_0}\"\n";
			showEnvVarsInLog = 0;
		};
		AD375F76DD2D3AEF0BFC9634 /* [CP] Copy Pods Resources */ = {
			isa = PBXShellScriptBuildPhase;
			buildActionMask = 2147483647;
			files = (
			);
			inputPaths = (
			);
			name = "[CP] Copy Pods Resources";
			outputPaths = (
			);
			runOnlyForDeploymentPostprocessing = 0;
			shellPath = /bin/sh;
			shellScript = "\"${SRCROOT}/Pods/Target Support Files/Pods-LineChartExample/Pods-LineChartExample-resources.sh\"\n";
			showEnvVarsInLog = 0;
		};
		BE4486BD7EC8D786D7F3DF4D /* [CP] Embed Pods Frameworks */ = {
			isa = PBXShellScriptBuildPhase;
			buildActionMask = 2147483647;
			files = (
			);
			inputPaths = (
			);
			name = "[CP] Embed Pods Frameworks";
			outputPaths = (
			);
			runOnlyForDeploymentPostprocessing = 0;
			shellPath = /bin/sh;
			shellScript = "\"${SRCROOT}/Pods/Target Support Files/Pods-LineChartExampleUITests/Pods-LineChartExampleUITests-frameworks.sh\"\n";
			showEnvVarsInLog = 0;
		};
		C841BFD3088557168BF58A37 /* [CP] Embed Pods Frameworks */ = {
			isa = PBXShellScriptBuildPhase;
			buildActionMask = 2147483647;
			files = (
			);
			inputPaths = (
			);
			name = "[CP] Embed Pods Frameworks";
			outputPaths = (
			);
			runOnlyForDeploymentPostprocessing = 0;
			shellPath = /bin/sh;
			shellScript = "\"${SRCROOT}/Pods/Target Support Files/Pods-LineChartExampleTests/Pods-LineChartExampleTests-frameworks.sh\"\n";
			showEnvVarsInLog = 0;
		};
		D712C2A50529C5A5C418D892 /* [CP] Check Pods Manifest.lock */ = {
			isa = PBXShellScriptBuildPhase;
			buildActionMask = 2147483647;
			files = (
			);
			inputPaths = (
				"${PODS_PODFILE_DIR_PATH}/Podfile.lock",
				"${PODS_ROOT}/Manifest.lock",
			);
			name = "[CP] Check Pods Manifest.lock";
			outputPaths = (
				"$(DERIVED_FILE_DIR)/Pods-LineChartExampleUITests-checkManifestLockResult.txt",
			);
			runOnlyForDeploymentPostprocessing = 0;
			shellPath = /bin/sh;
			shellScript = "diff \"${PODS_PODFILE_DIR_PATH}/Podfile.lock\" \"${PODS_ROOT}/Manifest.lock\" > /dev/null\nif [ $? != 0 ] ; then\n    # print error to STDERR\n    echo \"error: The sandbox is not in sync with the Podfile.lock. Run 'pod install' or update your CocoaPods installation.\" >&2\n    exit 1\nfi\n# This output is used by Xcode 'outputs' to avoid re-running this script phase.\necho \"SUCCESS\" > \"${SCRIPT_OUTPUT_FILE_0}\"\n";
			showEnvVarsInLog = 0;
		};
/* End PBXShellScriptBuildPhase section */

/* Begin PBXSourcesBuildPhase section */
		28C90CF01F16E4F4001378A1 /* Sources */ = {
			isa = PBXSourcesBuildPhase;
			buildActionMask = 2147483647;
			files = (
				28C90CFA1F16E4F4001378A1 /* ViewController.swift in Sources */,
				28C90CF81F16E4F4001378A1 /* AppDelegate.swift in Sources */,
			);
			runOnlyForDeploymentPostprocessing = 0;
		};
		28C90D041F16E4F5001378A1 /* Sources */ = {
			isa = PBXSourcesBuildPhase;
			buildActionMask = 2147483647;
			files = (
				28C90D0D1F16E4F5001378A1 /* LineChartExampleTests.swift in Sources */,
			);
			runOnlyForDeploymentPostprocessing = 0;
		};
		28C90D0F1F16E4F5001378A1 /* Sources */ = {
			isa = PBXSourcesBuildPhase;
			buildActionMask = 2147483647;
			files = (
				28C90D181F16E4F5001378A1 /* LineChartExampleUITests.swift in Sources */,
			);
			runOnlyForDeploymentPostprocessing = 0;
		};
/* End PBXSourcesBuildPhase section */

/* Begin PBXTargetDependency section */
		28C90D0A1F16E4F5001378A1 /* PBXTargetDependency */ = {
			isa = PBXTargetDependency;
			target = 28C90CF31F16E4F4001378A1 /* LineChartExample */;
			targetProxy = 28C90D091F16E4F5001378A1 /* PBXContainerItemProxy */;
		};
		28C90D151F16E4F5001378A1 /* PBXTargetDependency */ = {
			isa = PBXTargetDependency;
			target = 28C90CF31F16E4F4001378A1 /* LineChartExample */;
			targetProxy = 28C90D141F16E4F5001378A1 /* PBXContainerItemProxy */;
		};
/* End PBXTargetDependency section */

/* Begin PBXVariantGroup section */
		28C90CFB1F16E4F4001378A1 /* Main.storyboard */ = {
			isa = PBXVariantGroup;
			children = (
				28C90CFC1F16E4F4001378A1 /* Base */,
			);
			name = Main.storyboard;
			sourceTree = "<group>";
		};
		28C90D001F16E4F4001378A1 /* LaunchScreen.storyboard */ = {
			isa = PBXVariantGroup;
			children = (
				28C90D011F16E4F4001378A1 /* Base */,
			);
			name = LaunchScreen.storyboard;
			sourceTree = "<group>";
		};
/* End PBXVariantGroup section */

/* Begin XCBuildConfiguration section */
		28C90D1A1F16E4F5001378A1 /* Debug */ = {
			isa = XCBuildConfiguration;
			buildSettings = {
				ALWAYS_SEARCH_USER_PATHS = NO;
				CLANG_ANALYZER_NONNULL = YES;
				CLANG_ANALYZER_NUMBER_OBJECT_CONVERSION = YES_AGGRESSIVE;
				CLANG_CXX_LANGUAGE_STANDARD = "gnu++0x";
				CLANG_CXX_LIBRARY = "libc++";
				CLANG_ENABLE_MODULES = YES;
				CLANG_ENABLE_OBJC_ARC = YES;
				CLANG_WARN_BLOCK_CAPTURE_AUTORELEASING = YES;
				CLANG_WARN_BOOL_CONVERSION = YES;
				CLANG_WARN_COMMA = YES;
				CLANG_WARN_CONSTANT_CONVERSION = YES;
				CLANG_WARN_DIRECT_OBJC_ISA_USAGE = YES_ERROR;
				CLANG_WARN_DOCUMENTATION_COMMENTS = YES;
				CLANG_WARN_EMPTY_BODY = YES;
				CLANG_WARN_ENUM_CONVERSION = YES;
				CLANG_WARN_INFINITE_RECURSION = YES;
				CLANG_WARN_INT_CONVERSION = YES;
				CLANG_WARN_NON_LITERAL_NULL_CONVERSION = YES;
				CLANG_WARN_OBJC_LITERAL_CONVERSION = YES;
				CLANG_WARN_OBJC_ROOT_CLASS = YES_ERROR;
				CLANG_WARN_RANGE_LOOP_ANALYSIS = YES;
				CLANG_WARN_STRICT_PROTOTYPES = YES;
				CLANG_WARN_SUSPICIOUS_MOVE = YES;
				CLANG_WARN_UNREACHABLE_CODE = YES;
				CLANG_WARN__DUPLICATE_METHOD_MATCH = YES;
				"CODE_SIGN_IDENTITY[sdk=iphoneos*]" = "iPhone Developer";
				COPY_PHASE_STRIP = NO;
				DEBUG_INFORMATION_FORMAT = dwarf;
				ENABLE_STRICT_OBJC_MSGSEND = YES;
				ENABLE_TESTABILITY = YES;
				GCC_C_LANGUAGE_STANDARD = gnu99;
				GCC_DYNAMIC_NO_PIC = NO;
				GCC_NO_COMMON_BLOCKS = YES;
				GCC_OPTIMIZATION_LEVEL = 0;
				GCC_PREPROCESSOR_DEFINITIONS = (
					"DEBUG=1",
					"$(inherited)",
				);
				GCC_WARN_64_TO_32_BIT_CONVERSION = YES;
				GCC_WARN_ABOUT_RETURN_TYPE = YES_ERROR;
				GCC_WARN_UNDECLARED_SELECTOR = YES;
				GCC_WARN_UNINITIALIZED_AUTOS = YES_AGGRESSIVE;
				GCC_WARN_UNUSED_FUNCTION = YES;
				GCC_WARN_UNUSED_VARIABLE = YES;
				IPHONEOS_DEPLOYMENT_TARGET = 10.3;
				MTL_ENABLE_DEBUG_INFO = YES;
				ONLY_ACTIVE_ARCH = YES;
				SDKROOT = iphoneos;
				SWIFT_ACTIVE_COMPILATION_CONDITIONS = DEBUG;
				SWIFT_OPTIMIZATION_LEVEL = "-Onone";
				TARGETED_DEVICE_FAMILY = "1,2";
			};
			name = Debug;
		};
		28C90D1B1F16E4F5001378A1 /* Release */ = {
			isa = XCBuildConfiguration;
			buildSettings = {
				ALWAYS_SEARCH_USER_PATHS = NO;
				CLANG_ANALYZER_NONNULL = YES;
				CLANG_ANALYZER_NUMBER_OBJECT_CONVERSION = YES_AGGRESSIVE;
				CLANG_CXX_LANGUAGE_STANDARD = "gnu++0x";
				CLANG_CXX_LIBRARY = "libc++";
				CLANG_ENABLE_MODULES = YES;
				CLANG_ENABLE_OBJC_ARC = YES;
				CLANG_WARN_BLOCK_CAPTURE_AUTORELEASING = YES;
				CLANG_WARN_BOOL_CONVERSION = YES;
				CLANG_WARN_COMMA = YES;
				CLANG_WARN_CONSTANT_CONVERSION = YES;
				CLANG_WARN_DIRECT_OBJC_ISA_USAGE = YES_ERROR;
				CLANG_WARN_DOCUMENTATION_COMMENTS = YES;
				CLANG_WARN_EMPTY_BODY = YES;
				CLANG_WARN_ENUM_CONVERSION = YES;
				CLANG_WARN_INFINITE_RECURSION = YES;
				CLANG_WARN_INT_CONVERSION = YES;
				CLANG_WARN_NON_LITERAL_NULL_CONVERSION = YES;
				CLANG_WARN_OBJC_LITERAL_CONVERSION = YES;
				CLANG_WARN_OBJC_ROOT_CLASS = YES_ERROR;
				CLANG_WARN_RANGE_LOOP_ANALYSIS = YES;
				CLANG_WARN_STRICT_PROTOTYPES = YES;
				CLANG_WARN_SUSPICIOUS_MOVE = YES;
				CLANG_WARN_UNREACHABLE_CODE = YES;
				CLANG_WARN__DUPLICATE_METHOD_MATCH = YES;
				"CODE_SIGN_IDENTITY[sdk=iphoneos*]" = "iPhone Developer";
				COPY_PHASE_STRIP = NO;
				DEBUG_INFORMATION_FORMAT = "dwarf-with-dsym";
				ENABLE_NS_ASSERTIONS = NO;
				ENABLE_STRICT_OBJC_MSGSEND = YES;
				GCC_C_LANGUAGE_STANDARD = gnu99;
				GCC_NO_COMMON_BLOCKS = YES;
				GCC_WARN_64_TO_32_BIT_CONVERSION = YES;
				GCC_WARN_ABOUT_RETURN_TYPE = YES_ERROR;
				GCC_WARN_UNDECLARED_SELECTOR = YES;
				GCC_WARN_UNINITIALIZED_AUTOS = YES_AGGRESSIVE;
				GCC_WARN_UNUSED_FUNCTION = YES;
				GCC_WARN_UNUSED_VARIABLE = YES;
				IPHONEOS_DEPLOYMENT_TARGET = 10.3;
				MTL_ENABLE_DEBUG_INFO = NO;
				SDKROOT = iphoneos;
				SWIFT_OPTIMIZATION_LEVEL = "-Owholemodule";
				TARGETED_DEVICE_FAMILY = "1,2";
				VALIDATE_PRODUCT = YES;
			};
			name = Release;
		};
		28C90D1D1F16E4F5001378A1 /* Debug */ = {
			isa = XCBuildConfiguration;
			baseConfigurationReference = 6BF6E3D21C5BA73C4F932CEC /* Pods-LineChartExample.debug.xcconfig */;
			buildSettings = {
				ASSETCATALOG_COMPILER_APPICON_NAME = AppIcon;
				DEVELOPMENT_TEAM = "";
				INFOPLIST_FILE = LineChartExample/Info.plist;
				LD_RUNPATH_SEARCH_PATHS = "$(inherited) @executable_path/Frameworks";
				PRODUCT_BUNDLE_IDENTIFIER = HelloWorld.LineChartExample;
				PRODUCT_NAME = "$(TARGET_NAME)";
				SWIFT_SWIFT3_OBJC_INFERENCE = On;
				SWIFT_VERSION = 4.0;
			};
			name = Debug;
		};
		28C90D1E1F16E4F5001378A1 /* Release */ = {
			isa = XCBuildConfiguration;
			baseConfigurationReference = 64FDFEA35C60F4E94ED35135 /* Pods-LineChartExample.release.xcconfig */;
			buildSettings = {
				ASSETCATALOG_COMPILER_APPICON_NAME = AppIcon;
				DEVELOPMENT_TEAM = "";
				INFOPLIST_FILE = LineChartExample/Info.plist;
				LD_RUNPATH_SEARCH_PATHS = "$(inherited) @executable_path/Frameworks";
				PRODUCT_BUNDLE_IDENTIFIER = HelloWorld.LineChartExample;
				PRODUCT_NAME = "$(TARGET_NAME)";
				SWIFT_SWIFT3_OBJC_INFERENCE = On;
				SWIFT_VERSION = 4.0;
			};
			name = Release;
		};
		28C90D201F16E4F5001378A1 /* Debug */ = {
			isa = XCBuildConfiguration;
			baseConfigurationReference = 5F94CCB711A41CDC3811593C /* Pods-LineChartExampleTests.debug.xcconfig */;
			buildSettings = {
				ALWAYS_EMBED_SWIFT_STANDARD_LIBRARIES = YES;
				BUNDLE_LOADER = "$(TEST_HOST)";
				INFOPLIST_FILE = LineChartExampleTests/Info.plist;
				LD_RUNPATH_SEARCH_PATHS = "$(inherited) @executable_path/Frameworks @loader_path/Frameworks";
				PRODUCT_BUNDLE_IDENTIFIER = HelloWorld.LineChartExampleTests;
				PRODUCT_NAME = "$(TARGET_NAME)";
				SWIFT_SWIFT3_OBJC_INFERENCE = On;
				SWIFT_VERSION = 4.0;
				TEST_HOST = "$(BUILT_PRODUCTS_DIR)/LineChartExample.app/LineChartExample";
			};
			name = Debug;
		};
		28C90D211F16E4F5001378A1 /* Release */ = {
			isa = XCBuildConfiguration;
			baseConfigurationReference = 7C43DA477C67DFF870849412 /* Pods-LineChartExampleTests.release.xcconfig */;
			buildSettings = {
				ALWAYS_EMBED_SWIFT_STANDARD_LIBRARIES = YES;
				BUNDLE_LOADER = "$(TEST_HOST)";
				INFOPLIST_FILE = LineChartExampleTests/Info.plist;
				LD_RUNPATH_SEARCH_PATHS = "$(inherited) @executable_path/Frameworks @loader_path/Frameworks";
				PRODUCT_BUNDLE_IDENTIFIER = HelloWorld.LineChartExampleTests;
				PRODUCT_NAME = "$(TARGET_NAME)";
				SWIFT_SWIFT3_OBJC_INFERENCE = On;
				SWIFT_VERSION = 4.0;
				TEST_HOST = "$(BUILT_PRODUCTS_DIR)/LineChartExample.app/LineChartExample";
			};
			name = Release;
		};
		28C90D231F16E4F5001378A1 /* Debug */ = {
			isa = XCBuildConfiguration;
			baseConfigurationReference = 65B98BE61D4C9A883504CA4E /* Pods-LineChartExampleUITests.debug.xcconfig */;
			buildSettings = {
				ALWAYS_EMBED_SWIFT_STANDARD_LIBRARIES = YES;
				INFOPLIST_FILE = LineChartExampleUITests/Info.plist;
				LD_RUNPATH_SEARCH_PATHS = "$(inherited) @executable_path/Frameworks @loader_path/Frameworks";
				PRODUCT_BUNDLE_IDENTIFIER = HelloWorld.LineChartExampleUITests;
				PRODUCT_NAME = "$(TARGET_NAME)";
				SWIFT_SWIFT3_OBJC_INFERENCE = On;
				SWIFT_VERSION = 4.0;
				TEST_TARGET_NAME = LineChartExample;
			};
			name = Debug;
		};
		28C90D241F16E4F5001378A1 /* Release */ = {
			isa = XCBuildConfiguration;
			baseConfigurationReference = 40D111AFD32AB2CB4D9A8923 /* Pods-LineChartExampleUITests.release.xcconfig */;
			buildSettings = {
				ALWAYS_EMBED_SWIFT_STANDARD_LIBRARIES = YES;
				INFOPLIST_FILE = LineChartExampleUITests/Info.plist;
				LD_RUNPATH_SEARCH_PATHS = "$(inherited) @executable_path/Frameworks @loader_path/Frameworks";
				PRODUCT_BUNDLE_IDENTIFIER = HelloWorld.LineChartExampleUITests;
				PRODUCT_NAME = "$(TARGET_NAME)";
				SWIFT_SWIFT3_OBJC_INFERENCE = On;
				SWIFT_VERSION = 4.0;
				TEST_TARGET_NAME = LineChartExample;
			};
			name = Release;
		};
/* End XCBuildConfiguration section */

/* Begin XCConfigurationList section */
		28C90CEF1F16E4F4001378A1 /* Build configuration list for PBXProject "LineChartExample" */ = {
			isa = XCConfigurationList;
			buildConfigurations = (
				28C90D1A1F16E4F5001378A1 /* Debug */,
				28C90D1B1F16E4F5001378A1 /* Release */,
			);
			defaultConfigurationIsVisible = 0;
			defaultConfigurationName = Release;
		};
		28C90D1C1F16E4F5001378A1 /* Build configuration list for PBXNativeTarget "LineChartExample" */ = {
			isa = XCConfigurationList;
			buildConfigurations = (
				28C90D1D1F16E4F5001378A1 /* Debug */,
				28C90D1E1F16E4F5001378A1 /* Release */,
			);
			defaultConfigurationIsVisible = 0;
			defaultConfigurationName = Release;
		};
		28C90D1F1F16E4F5001378A1 /* Build configuration list for PBXNativeTarget "LineChartExampleTests" */ = {
			isa = XCConfigurationList;
			buildConfigurations = (
				28C90D201F16E4F5001378A1 /* Debug */,
				28C90D211F16E4F5001378A1 /* Release */,
			);
			defaultConfigurationIsVisible = 0;
			defaultConfigurationName = Release;
		};
		28C90D221F16E4F5001378A1 /* Build configuration list for PBXNativeTarget "LineChartExampleUITests" */ = {
			isa = XCConfigurationList;
			buildConfigurations = (
				28C90D231F16E4F5001378A1 /* Debug */,
				28C90D241F16E4F5001378A1 /* Release */,
			);
			defaultConfigurationIsVisible = 0;
			defaultConfigurationName = Release;
		};
/* End XCConfigurationList section */
	};
	rootObject = 28C90CEC1F16E4F4001378A1 /* Project object */;
}
